
Microsoft Visual Studio Solution File, Format Version 12.00
# Visual Studio Version 17
VisualStudioVersion = 17.5.002.0
MinimumVisualStudioVersion = 10.0.40219.1
Project("{9A19103F-16F7-4668-BE54-9A1E7A4F7556}") = "TestProj", "TestProj.csproj", "{60EF1C49-B863-4D58-8544-83EC4266942E}"
EndProject
Global
	GlobalSection(SolutionConfigurationPlatforms) = preSolution
		Debug|Any CPU = Debug|Any CPU
		Release|Any CPU = Release|Any CPU
	EndGlobalSection
	GlobalSection(ProjectConfigurationPlatforms) = postSolution
		{60EF1C49-B863-4D58-8544-83EC4266942E}.Debug|Any CPU.ActiveCfg = Debug|Any CPU
		{60EF1C49-B863-4D58-8544-83EC4266942E}.Debug|Any CPU.Build.0 = Debug|Any CPU
		{60EF1C49-B863-4D58-8544-83EC4266942E}.Release|Any CPU.ActiveCfg = Release|Any CPU
		{60EF1C49-B863-4D58-8544-83EC4266942E}.Release|Any CPU.Build.0 = Release|Any CPU
	EndGlobalSection
	GlobalSection(SolutionProperties) = preSolution
		HideSolutionNode = FALSE
	EndGlobalSection
	GlobalSection(ExtensibilityGlobals) = postSolution
		SolutionGuid = {7D0B428B-3C81-4CD4-81E4-3D5AE9FD8B00}
	EndGlobalSection
EndGlobal
